// !$*UTF8*$!
{
	archiveVersion = 1;
	classes = {
	};
	objectVersion = 55;
	objects = {

/* Begin PBXBuildFile section */
		3F92F91F2862282A0092C3BD /* AppDelegate.swift in Sources */ = {isa = PBXBuildFile; fileRef = 3F92F91E2862282A0092C3BD /* AppDelegate.swift */; };
		3F92F9212862282A0092C3BD /* SceneDelegate.swift in Sources */ = {isa = PBXBuildFile; fileRef = 3F92F9202862282A0092C3BD /* SceneDelegate.swift */; };
		3F92F9232862282A0092C3BD /* ViewController.swift in Sources */ = {isa = PBXBuildFile; fileRef = 3F92F9222862282A0092C3BD /* ViewController.swift */; };
		3F92F9262862282A0092C3BD /* Main.storyboard in Resources */ = {isa = PBXBuildFile; fileRef = 3F92F9242862282A0092C3BD /* Main.storyboard */; };
		3F92F9282862282C0092C3BD /* Assets.xcassets in Resources */ = {isa = PBXBuildFile; fileRef = 3F92F9272862282C0092C3BD /* Assets.xcassets */; };
		3F92F92B2862282C0092C3BD /* LaunchScreen.storyboard in Resources */ = {isa = PBXBuildFile; fileRef = 3F92F9292862282C0092C3BD /* LaunchScreen.storyboard */; };
		3F92F950286229F10092C3BD /* WeatherResult.swift in Sources */ = {isa = PBXBuildFile; fileRef = 3F92F94F286229F10092C3BD /* WeatherResult.swift */; };
		83CF21FB9407DC85D2DD198B /* Pods_rxswift_weather.framework in Frameworks */ = {isa = PBXBuildFile; fileRef = A51FCCEC373FB3EC81EE4844 /* Pods_rxswift_weather.framework */; };
/* End PBXBuildFile section */

/* Begin PBXContainerItemProxy section */
		3F92F9322862282C0092C3BD /* PBXContainerItemProxy */ = {
			isa = PBXContainerItemProxy;
			containerPortal = 3F92F9132862282A0092C3BD /* Project object */;
			proxyType = 1;
			remoteGlobalIDString = 3F92F91A2862282A0092C3BD;
			remoteInfo = "rxswift-weather";
		};
		3F92F93C2862282C0092C3BD /* PBXContainerItemProxy */ = {
			isa = PBXContainerItemProxy;
			containerPortal = 3F92F9132862282A0092C3BD /* Project object */;
			proxyType = 1;
			remoteGlobalIDString = 3F92F91A2862282A0092C3BD;
			remoteInfo = "rxswift-weather";
		};
/* End PBXContainerItemProxy section */

/* Begin PBXFileReference section */
		3F92F91B2862282A0092C3BD /* rxswift-weather.app */ = {isa = PBXFileReference; explicitFileType = wrapper.application; includeInIndex = 0; path = "rxswift-weather.app"; sourceTree = BUILT_PRODUCTS_DIR; };
		3F92F91E2862282A0092C3BD /* AppDelegate.swift */ = {isa = PBXFileReference; lastKnownFileType = sourcecode.swift; path = AppDelegate.swift; sourceTree = "<group>"; };
		3F92F9202862282A0092C3BD /* SceneDelegate.swift */ = {isa = PBXFileReference; lastKnownFileType = sourcecode.swift; path = SceneDelegate.swift; sourceTree = "<group>"; };
		3F92F9222862282A0092C3BD /* ViewController.swift */ = {isa = PBXFileReference; lastKnownFileType = sourcecode.swift; path = ViewController.swift; sourceTree = "<group>"; };
		3F92F9252862282A0092C3BD /* Base */ = {isa = PBXFileReference; lastKnownFileType = file.storyboard; name = Base; path = Base.lproj/Main.storyboard; sourceTree = "<group>"; };
		3F92F9272862282C0092C3BD /* Assets.xcassets */ = {isa = PBXFileReference; lastKnownFileType = folder.assetcatalog; path = Assets.xcassets; sourceTree = "<group>"; };
		3F92F92A2862282C0092C3BD /* Base */ = {isa = PBXFileReference; lastKnownFileType = file.storyboard; name = Base; path = Base.lproj/LaunchScreen.storyboard; sourceTree = "<group>"; };
		3F92F92C2862282C0092C3BD /* Info.plist */ = {isa = PBXFileReference; lastKnownFileType = text.plist.xml; path = Info.plist; sourceTree = "<group>"; };
		3F92F9312862282C0092C3BD /* rxswift-weatherTests.xctest */ = {isa = PBXFileReference; explicitFileType = wrapper.cfbundle; includeInIndex = 0; path = "rxswift-weatherTests.xctest"; sourceTree = BUILT_PRODUCTS_DIR; };
		3F92F93B2862282C0092C3BD /* rxswift-weatherUITests.xctest */ = {isa = PBXFileReference; explicitFileType = wrapper.cfbundle; includeInIndex = 0; path = "rxswift-weatherUITests.xctest"; sourceTree = BUILT_PRODUCTS_DIR; };
		3F92F94F286229F10092C3BD /* WeatherResult.swift */ = {isa = PBXFileReference; lastKnownFileType = sourcecode.swift; path = WeatherResult.swift; sourceTree = "<group>"; };
		767CFD405527740F4F99C449 /* Pods-rxswift-weather.debug.xcconfig */ = {isa = PBXFileReference; includeInIndex = 1; lastKnownFileType = text.xcconfig; name = "Pods-rxswift-weather.debug.xcconfig"; path = "Target Support Files/Pods-rxswift-weather/Pods-rxswift-weather.debug.xcconfig"; sourceTree = "<group>"; };
		A51FCCEC373FB3EC81EE4844 /* Pods_rxswift_weather.framework */ = {isa = PBXFileReference; explicitFileType = wrapper.framework; includeInIndex = 0; path = Pods_rxswift_weather.framework; sourceTree = BUILT_PRODUCTS_DIR; };
		BB40907BEED127CE5151A51F /* Pods-rxswift-weather.release.xcconfig */ = {isa = PBXFileReference; includeInIndex = 1; lastKnownFileType = text.xcconfig; name = "Pods-rxswift-weather.release.xcconfig"; path = "Target Support Files/Pods-rxswift-weather/Pods-rxswift-weather.release.xcconfig"; sourceTree = "<group>"; };
/* End PBXFileReference section */

/* Begin PBXFrameworksBuildPhase section */
		3F92F9182862282A0092C3BD /* Frameworks */ = {
			isa = PBXFrameworksBuildPhase;
			buildActionMask = 2147483647;
			files = (
				83CF21FB9407DC85D2DD198B /* Pods_rxswift_weather.framework in Frameworks */,
			);
			runOnlyForDeploymentPostprocessing = 0;
		};
		3F92F92E2862282C0092C3BD /* Frameworks */ = {
			isa = PBXFrameworksBuildPhase;
			buildActionMask = 2147483647;
			files = (
			);
			runOnlyForDeploymentPostprocessing = 0;
		};
		3F92F9382862282C0092C3BD /* Frameworks */ = {
			isa = PBXFrameworksBuildPhase;
			buildActionMask = 2147483647;
			files = (
			);
			runOnlyForDeploymentPostprocessing = 0;
		};
/* End PBXFrameworksBuildPhase section */

/* Begin PBXGroup section */
		2FB03CA864160896FF705E92 /* Pods */ = {
			isa = PBXGroup;
			children = (
				767CFD405527740F4F99C449 /* Pods-rxswift-weather.debug.xcconfig */,
				BB40907BEED127CE5151A51F /* Pods-rxswift-weather.release.xcconfig */,
			);
			name = Pods;
			path = Pods;
			sourceTree = "<group>";
		};
		3F92F9122862282A0092C3BD = {
			isa = PBXGroup;
			children = (
				3F92F91D2862282A0092C3BD /* rxswift-weather */,
				3F92F91C2862282A0092C3BD /* Products */,
				2FB03CA864160896FF705E92 /* Pods */,
				BEDA6B2564E1A6262B684D8E /* Frameworks */,
			);
			sourceTree = "<group>";
		};
		3F92F91C2862282A0092C3BD /* Products */ = {
			isa = PBXGroup;
			children = (
				3F92F91B2862282A0092C3BD /* rxswift-weather.app */,
				3F92F9312862282C0092C3BD /* rxswift-weatherTests.xctest */,
				3F92F93B2862282C0092C3BD /* rxswift-weatherUITests.xctest */,
			);
			name = Products;
			sourceTree = "<group>";
		};
		3F92F91D2862282A0092C3BD /* rxswift-weather */ = {
			isa = PBXGroup;
			children = (
				3F92F94E286229E70092C3BD /* Models */,
				3F92F91E2862282A0092C3BD /* AppDelegate.swift */,
				3F92F9202862282A0092C3BD /* SceneDelegate.swift */,
				3F92F9222862282A0092C3BD /* ViewController.swift */,
				3F92F9242862282A0092C3BD /* Main.storyboard */,
				3F92F9272862282C0092C3BD /* Assets.xcassets */,
				3F92F9292862282C0092C3BD /* LaunchScreen.storyboard */,
				3F92F92C2862282C0092C3BD /* Info.plist */,
			);
			path = "rxswift-weather";
			sourceTree = "<group>";
		};
		3F92F94E286229E70092C3BD /* Models */ = {
			isa = PBXGroup;
			children = (
				3F92F94F286229F10092C3BD /* WeatherResult.swift */,
			);
			path = Models;
			sourceTree = "<group>";
		};
		BEDA6B2564E1A6262B684D8E /* Frameworks */ = {
			isa = PBXGroup;
			children = (
				A51FCCEC373FB3EC81EE4844 /* Pods_rxswift_weather.framework */,
			);
			name = Frameworks;
			sourceTree = "<group>";
		};
/* End PBXGroup section */

/* Begin PBXNativeTarget section */
		3F92F91A2862282A0092C3BD /* rxswift-weather */ = {
			isa = PBXNativeTarget;
			buildConfigurationList = 3F92F9452862282C0092C3BD /* Build configuration list for PBXNativeTarget "rxswift-weather" */;
			buildPhases = (
				E6BF72FC14761EDB480A8C46 /* [CP] Check Pods Manifest.lock */,
				3F92F9172862282A0092C3BD /* Sources */,
				3F92F9182862282A0092C3BD /* Frameworks */,
				3F92F9192862282A0092C3BD /* Resources */,
				6E76644143806725EC2A09FB /* [CP] Embed Pods Frameworks */,
			);
			buildRules = (
			);
			dependencies = (
			);
			name = "rxswift-weather";
			productName = "rxswift-weather";
			productReference = 3F92F91B2862282A0092C3BD /* rxswift-weather.app */;
			productType = "com.apple.product-type.application";
		};
		3F92F9302862282C0092C3BD /* rxswift-weatherTests */ = {
			isa = PBXNativeTarget;
			buildConfigurationList = 3F92F9482862282C0092C3BD /* Build configuration list for PBXNativeTarget "rxswift-weatherTests" */;
			buildPhases = (
				3F92F92D2862282C0092C3BD /* Sources */,
				3F92F92E2862282C0092C3BD /* Frameworks */,
				3F92F92F2862282C0092C3BD /* Resources */,
			);
			buildRules = (
			);
			dependencies = (
				3F92F9332862282C0092C3BD /* PBXTargetDependency */,
			);
			name = "rxswift-weatherTests";
			productName = "rxswift-weatherTests";
			productReference = 3F92F9312862282C0092C3BD /* rxswift-weatherTests.xctest */;
			productType = "com.apple.product-type.bundle.unit-test";
		};
		3F92F93A2862282C0092C3BD /* rxswift-weatherUITests */ = {
			isa = PBXNativeTarget;
			buildConfigurationList = 3F92F94B2862282C0092C3BD /* Build configuration list for PBXNativeTarget "rxswift-weatherUITests" */;
			buildPhases = (
				3F92F9372862282C0092C3BD /* Sources */,
				3F92F9382862282C0092C3BD /* Frameworks */,
				3F92F9392862282C0092C3BD /* Resources */,
			);
			buildRules = (
			);
			dependencies = (
				3F92F93D2862282C0092C3BD /* PBXTargetDependency */,
			);
			name = "rxswift-weatherUITests";
			productName = "rxswift-weatherUITests";
			productReference = 3F92F93B2862282C0092C3BD /* rxswift-weatherUITests.xctest */;
			productType = "com.apple.product-type.bundle.ui-testing";
		};
/* End PBXNativeTarget section */

/* Begin PBXProject section */
		3F92F9132862282A0092C3BD /* Project object */ = {
			isa = PBXProject;
			attributes = {
				BuildIndependentTargetsInParallel = 1;
				LastSwiftUpdateCheck = 1340;
				LastUpgradeCheck = 1340;
				TargetAttributes = {
					3F92F91A2862282A0092C3BD = {
						CreatedOnToolsVersion = 13.4.1;
					};
					3F92F9302862282C0092C3BD = {
						CreatedOnToolsVersion = 13.4.1;
						TestTargetID = 3F92F91A2862282A0092C3BD;
					};
					3F92F93A2862282C0092C3BD = {
						CreatedOnToolsVersion = 13.4.1;
						TestTargetID = 3F92F91A2862282A0092C3BD;
					};
				};
			};
			buildConfigurationList = 3F92F9162862282A0092C3BD /* Build configuration list for PBXProject "rxswift-weather" */;
			compatibilityVersion = "Xcode 13.0";
			developmentRegion = en;
			hasScannedForEncodings = 0;
			knownRegions = (
				en,
				Base,
			);
			mainGroup = 3F92F9122862282A0092C3BD;
			productRefGroup = 3F92F91C2862282A0092C3BD /* Products */;
			projectDirPath = "";
			projectRoot = "";
			targets = (
				3F92F91A2862282A0092C3BD /* rxswift-weather */,
				3F92F9302862282C0092C3BD /* rxswift-weatherTests */,
				3F92F93A2862282C0092C3BD /* rxswift-weatherUITests */,
			);
		};
/* End PBXProject section */

/* Begin PBXResourcesBuildPhase section */
		3F92F9192862282A0092C3BD /* Resources */ = {
			isa = PBXResourcesBuildPhase;
			buildActionMask = 2147483647;
			files = (
				3F92F92B2862282C0092C3BD /* LaunchScreen.storyboard in Resources */,
				3F92F9282862282C0092C3BD /* Assets.xcassets in Resources */,
				3F92F9262862282A0092C3BD /* Main.storyboard in Resources */,
			);
			runOnlyForDeploymentPostprocessing = 0;
		};
		3F92F92F2862282C0092C3BD /* Resources */ = {
			isa = PBXResourcesBuildPhase;
			buildActionMask = 2147483647;
			files = (
			);
			runOnlyForDeploymentPostprocessing = 0;
		};
		3F92F9392862282C0092C3BD /* Resources */ = {
			isa = PBXResourcesBuildPhase;
			buildActionMask = 2147483647;
			files = (
			);
			runOnlyForDeploymentPostprocessing = 0;
		};
/* End PBXResourcesBuildPhase section */

/* Begin PBXShellScriptBuildPhase section */
		6E76644143806725EC2A09FB /* [CP] Embed Pods Frameworks */ = {
			isa = PBXShellScriptBuildPhase;
			buildActionMask = 2147483647;
			files = (
			);
			inputFileListPaths = (
				"${PODS_ROOT}/Target Support Files/Pods-rxswift-weather/Pods-rxswift-weather-frameworks-${CONFIGURATION}-input-files.xcfilelist",
			);
			name = "[CP] Embed Pods Frameworks";
			outputFileListPaths = (
				"${PODS_ROOT}/Target Support Files/Pods-rxswift-weather/Pods-rxswift-weather-frameworks-${CONFIGURATION}-output-files.xcfilelist",
			);
			runOnlyForDeploymentPostprocessing = 0;
			shellPath = /bin/sh;
			shellScript = "\"${PODS_ROOT}/Target Support Files/Pods-rxswift-weather/Pods-rxswift-weather-frameworks.sh\"\n";
			showEnvVarsInLog = 0;
		};
		E6BF72FC14761EDB480A8C46 /* [CP] Check Pods Manifest.lock */ = {
			isa = PBXShellScriptBuildPhase;
			buildActionMask = 2147483647;
			files = (
			);
			inputFileListPaths = (
			);
			inputPaths = (
				"${PODS_PODFILE_DIR_PATH}/Podfile.lock",
				"${PODS_ROOT}/Manifest.lock",
			);
			name = "[CP] Check Pods Manifest.lock";
			outputFileListPaths = (
			);
			outputPaths = (
				"$(DERIVED_FILE_DIR)/Pods-rxswift-weather-checkManifestLockResult.txt",
			);
			runOnlyForDeploymentPostprocessing = 0;
			shellPath = /bin/sh;
			shellScript = "diff \"${PODS_PODFILE_DIR_PATH}/Podfile.lock\" \"${PODS_ROOT}/Manifest.lock\" > /dev/null\nif [ $? != 0 ] ; then\n    # print error to STDERR\n    echo \"error: The sandbox is not in sync with the Podfile.lock. Run 'pod install' or update your CocoaPods installation.\" >&2\n    exit 1\nfi\n# This output is used by Xcode 'outputs' to avoid re-running this script phase.\necho \"SUCCESS\" > \"${SCRIPT_OUTPUT_FILE_0}\"\n";
			showEnvVarsInLog = 0;
		};
/* End PBXShellScriptBuildPhase section */

/* Begin PBXSourcesBuildPhase section */
		3F92F9172862282A0092C3BD /* Sources */ = {
			isa = PBXSourcesBuildPhase;
			buildActionMask = 2147483647;
			files = (
				3F92F9232862282A0092C3BD /* ViewController.swift in Sources */,
				3F92F950286229F10092C3BD /* WeatherResult.swift in Sources */,
				3F92F91F2862282A0092C3BD /* AppDelegate.swift in Sources */,
				3F92F9212862282A0092C3BD /* SceneDelegate.swift in Sources */,
			);
			runOnlyForDeploymentPostprocessing = 0;
		};
		3F92F92D2862282C0092C3BD /* Sources */ = {
			isa = PBXSourcesBuildPhase;
			buildActionMask = 2147483647;
			files = (
			);
			runOnlyForDeploymentPostprocessing = 0;
		};
		3F92F9372862282C0092C3BD /* Sources */ = {
			isa = PBXSourcesBuildPhase;
			buildActionMask = 2147483647;
			files = (
			);
			runOnlyForDeploymentPostprocessing = 0;
		};
/* End PBXSourcesBuildPhase section */

/* Begin PBXTargetDependency section */
		3F92F9332862282C0092C3BD /* PBXTargetDependency */ = {
			isa = PBXTargetDependency;
			target = 3F92F91A2862282A0092C3BD /* rxswift-weather */;
			targetProxy = 3F92F9322862282C0092C3BD /* PBXContainerItemProxy */;
		};
		3F92F93D2862282C0092C3BD /* PBXTargetDependency */ = {
			isa = PBXTargetDependency;
			target = 3F92F91A2862282A0092C3BD /* rxswift-weather */;
			targetProxy = 3F92F93C2862282C0092C3BD /* PBXContainerItemProxy */;
		};
/* End PBXTargetDependency section */

/* Begin PBXVariantGroup section */
		3F92F9242862282A0092C3BD /* Main.storyboard */ = {
			isa = PBXVariantGroup;
			children = (
				3F92F9252862282A0092C3BD /* Base */,
			);
			name = Main.storyboard;
			sourceTree = "<group>";
		};
		3F92F9292862282C0092C3BD /* LaunchScreen.storyboard */ = {
			isa = PBXVariantGroup;
			children = (
				3F92F92A2862282C0092C3BD /* Base */,
			);
			name = LaunchScreen.storyboard;
			sourceTree = "<group>";
		};
/* End PBXVariantGroup section */

/* Begin XCBuildConfiguration section */
		3F92F9432862282C0092C3BD /* Debug */ = {
			isa = XCBuildConfiguration;
			buildSettings = {
				ALWAYS_SEARCH_USER_PATHS = NO;
				CLANG_ANALYZER_NONNULL = YES;
				CLANG_ANALYZER_NUMBER_OBJECT_CONVERSION = YES_AGGRESSIVE;
				CLANG_CXX_LANGUAGE_STANDARD = "gnu++17";
				CLANG_ENABLE_MODULES = YES;
				CLANG_ENABLE_OBJC_ARC = YES;
				CLANG_ENABLE_OBJC_WEAK = YES;
				CLANG_WARN_BLOCK_CAPTURE_AUTORELEASING = YES;
				CLANG_WARN_BOOL_CONVERSION = YES;
				CLANG_WARN_COMMA = YES;
				CLANG_WARN_CONSTANT_CONVERSION = YES;
				CLANG_WARN_DEPRECATED_OBJC_IMPLEMENTATIONS = YES;
				CLANG_WARN_DIRECT_OBJC_ISA_USAGE = YES_ERROR;
				CLANG_WARN_DOCUMENTATION_COMMENTS = YES;
				CLANG_WARN_EMPTY_BODY = YES;
				CLANG_WARN_ENUM_CONVERSION = YES;
				CLANG_WARN_INFINITE_RECURSION = YES;
				CLANG_WARN_INT_CONVERSION = YES;
				CLANG_WARN_NON_LITERAL_NULL_CONVERSION = YES;
				CLANG_WARN_OBJC_IMPLICIT_RETAIN_SELF = YES;
				CLANG_WARN_OBJC_LITERAL_CONVERSION = YES;
				CLANG_WARN_OBJC_ROOT_CLASS = YES_ERROR;
				CLANG_WARN_QUOTED_INCLUDE_IN_FRAMEWORK_HEADER = YES;
				CLANG_WARN_RANGE_LOOP_ANALYSIS = YES;
				CLANG_WARN_STRICT_PROTOTYPES = YES;
				CLANG_WARN_SUSPICIOUS_MOVE = YES;
				CLANG_WARN_UNGUARDED_AVAILABILITY = YES_AGGRESSIVE;
				CLANG_WARN_UNREACHABLE_CODE = YES;
				CLANG_WARN__DUPLICATE_METHOD_MATCH = YES;
				COPY_PHASE_STRIP = NO;
				DEBUG_INFORMATION_FORMAT = dwarf;
				ENABLE_STRICT_OBJC_MSGSEND = YES;
				ENABLE_TESTABILITY = YES;
				GCC_C_LANGUAGE_STANDARD = gnu11;
				GCC_DYNAMIC_NO_PIC = NO;
				GCC_NO_COMMON_BLOCKS = YES;
				GCC_OPTIMIZATION_LEVEL = 0;
				GCC_PREPROCESSOR_DEFINITIONS = (
					"DEBUG=1",
					"$(inherited)",
				);
				GCC_WARN_64_TO_32_BIT_CONVERSION = YES;
				GCC_WARN_ABOUT_RETURN_TYPE = YES_ERROR;
				GCC_WARN_UNDECLARED_SELECTOR = YES;
				GCC_WARN_UNINITIALIZED_AUTOS = YES_AGGRESSIVE;
				GCC_WARN_UNUSED_FUNCTION = YES;
				GCC_WARN_UNUSED_VARIABLE = YES;
				IPHONEOS_DEPLOYMENT_TARGET = 15.5;
				MTL_ENABLE_DEBUG_INFO = INCLUDE_SOURCE;
				MTL_FAST_MATH = YES;
				ONLY_ACTIVE_ARCH = YES;
				SDKROOT = iphoneos;
				SWIFT_ACTIVE_COMPILATION_CONDITIONS = DEBUG;
				SWIFT_OPTIMIZATION_LEVEL = "-Onone";
			};
			name = Debug;
		};
		3F92F9442862282C0092C3BD /* Release */ = {
			isa = XCBuildConfiguration;
			buildSettings = {
				ALWAYS_SEARCH_USER_PATHS = NO;
				CLANG_ANALYZER_NONNULL = YES;
				CLANG_ANALYZER_NUMBER_OBJECT_CONVERSION = YES_AGGRESSIVE;
				CLANG_CXX_LANGUAGE_STANDARD = "gnu++17";
				CLANG_ENABLE_MODULES = YES;
				CLANG_ENABLE_OBJC_ARC = YES;
				CLANG_ENABLE_OBJC_WEAK = YES;
				CLANG_WARN_BLOCK_CAPTURE_AUTORELEASING = YES;
				CLANG_WARN_BOOL_CONVERSION = YES;
				CLANG_WARN_COMMA = YES;
				CLANG_WARN_CONSTANT_CONVERSION = YES;
				CLANG_WARN_DEPRECATED_OBJC_IMPLEMENTATIONS = YES;
				CLANG_WARN_DIRECT_OBJC_ISA_USAGE = YES_ERROR;
				CLANG_WARN_DOCUMENTATION_COMMENTS = YES;
				CLANG_WARN_EMPTY_BODY = YES;
				CLANG_WARN_ENUM_CONVERSION = YES;
				CLANG_WARN_INFINITE_RECURSION = YES;
				CLANG_WARN_INT_CONVERSION = YES;
				CLANG_WARN_NON_LITERAL_NULL_CONVERSION = YES;
				CLANG_WARN_OBJC_IMPLICIT_RETAIN_SELF = YES;
				CLANG_WARN_OBJC_LITERAL_CONVERSION = YES;
				CLANG_WARN_OBJC_ROOT_CLASS = YES_ERROR;
				CLANG_WARN_QUOTED_INCLUDE_IN_FRAMEWORK_HEADER = YES;
				CLANG_WARN_RANGE_LOOP_ANALYSIS = YES;
				CLANG_WARN_STRICT_PROTOTYPES = YES;
				CLANG_WARN_SUSPICIOUS_MOVE = YES;
				CLANG_WARN_UNGUARDED_AVAILABILITY = YES_AGGRESSIVE;
				CLANG_WARN_UNREACHABLE_CODE = YES;
				CLANG_WARN__DUPLICATE_METHOD_MATCH = YES;
				COPY_PHASE_STRIP = NO;
				DEBUG_INFORMATION_FORMAT = "dwarf-with-dsym";
				ENABLE_NS_ASSERTIONS = NO;
				ENABLE_STRICT_OBJC_MSGSEND = YES;
				GCC_C_LANGUAGE_STANDARD = gnu11;
				GCC_NO_COMMON_BLOCKS = YES;
				GCC_WARN_64_TO_32_BIT_CONVERSION = YES;
				GCC_WARN_ABOUT_RETURN_TYPE = YES_ERROR;
				GCC_WARN_UNDECLARED_SELECTOR = YES;
				GCC_WARN_UNINITIALIZED_AUTOS = YES_AGGRESSIVE;
				GCC_WARN_UNUSED_FUNCTION = YES;
				GCC_WARN_UNUSED_VARIABLE = YES;
				IPHONEOS_DEPLOYMENT_TARGET = 15.5;
				MTL_ENABLE_DEBUG_INFO = NO;
				MTL_FAST_MATH = YES;
				SDKROOT = iphoneos;
				SWIFT_COMPILATION_MODE = wholemodule;
				SWIFT_OPTIMIZATION_LEVEL = "-O";
				VALIDATE_PRODUCT = YES;
			};
			name = Release;
		};
		3F92F9462862282C0092C3BD /* Debug */ = {
			isa = XCBuildConfiguration;
			baseConfigurationReference = 767CFD405527740F4F99C449 /* Pods-rxswift-weather.debug.xcconfig */;
			buildSettings = {
				ASSETCATALOG_COMPILER_APPICON_NAME = AppIcon;
				ASSETCATALOG_COMPILER_GLOBAL_ACCENT_COLOR_NAME = AccentColor;
				CODE_SIGN_STYLE = Automatic;
				CURRENT_PROJECT_VERSION = 1;
				DEVELOPMENT_TEAM = EUPL5H953B;
				GENERATE_INFOPLIST_FILE = YES;
				INFOPLIST_FILE = "rxswift-weather/Info.plist";
				INFOPLIST_KEY_UIApplicationSupportsIndirectInputEvents = YES;
				INFOPLIST_KEY_UILaunchStoryboardName = LaunchScreen;
				INFOPLIST_KEY_UIMainStoryboardFile = Main;
				INFOPLIST_KEY_UISupportedInterfaceOrientations_iPad = "UIInterfaceOrientationPortrait UIInterfaceOrientationPortraitUpsideDown UIInterfaceOrientationLandscapeLeft UIInterfaceOrientationLandscapeRight";
				INFOPLIST_KEY_UISupportedInterfaceOrientations_iPhone = "UIInterfaceOrientationPortrait UIInterfaceOrientationLandscapeLeft UIInterfaceOrientationLandscapeRight";
				LD_RUNPATH_SEARCH_PATHS = (
					"$(inherited)",
					"@executable_path/Frameworks",
				);
				MARKETING_VERSION = 1.0;
				PRODUCT_BUNDLE_IDENTIFIER = "studiostorquato.rxswift-weather";
				PRODUCT_NAME = "$(TARGET_NAME)";
				SWIFT_EMIT_LOC_STRINGS = YES;
				SWIFT_VERSION = 5.0;
				TARGETED_DEVICE_FAMILY = "1,2";
			};
			name = Debug;
		};
		3F92F9472862282C0092C3BD /* Release */ = {
			isa = XCBuildConfiguration;
			baseConfigurationReference = BB40907BEED127CE5151A51F /* Pods-rxswift-weather.release.xcconfig */;
			buildSettings = {
				ASSETCATALOG_COMPILER_APPICON_NAME = AppIcon;
				ASSETCATALOG_COMPILER_GLOBAL_ACCENT_COLOR_NAME = AccentColor;
				CODE_SIGN_STYLE = Automatic;
				CURRENT_PROJECT_VERSION = 1;
				DEVELOPMENT_TEAM = EUPL5H953B;
				GENERATE_INFOPLIST_FILE = YES;
				INFOPLIST_FILE = "rxswift-weather/Info.plist";
				INFOPLIST_KEY_UIApplicationSupportsIndirectInputEvents = YES;
				INFOPLIST_KEY_UILaunchStoryboardName = LaunchScreen;
				INFOPLIST_KEY_UIMainStoryboardFile = Main;
				INFOPLIST_KEY_UISupportedInterfaceOrientations_iPad = "UIInterfaceOrientationPortrait UIInterfaceOrientationPortraitUpsideDown UIInterfaceOrientationLandscapeLeft UIInterfaceOrientationLandscapeRight";
				INFOPLIST_KEY_UISupportedInterfaceOrientations_iPhone = "UIInterfaceOrientationPortrait UIInterfaceOrientationLandscapeLeft UIInterfaceOrientationLandscapeRight";
				LD_RUNPATH_SEARCH_PATHS = (
					"$(inherited)",
					"@executable_path/Frameworks",
				);
				MARKETING_VERSION = 1.0;
				PRODUCT_BUNDLE_IDENTIFIER = "studiostorquato.rxswift-weather";
				PRODUCT_NAME = "$(TARGET_NAME)";
				SWIFT_EMIT_LOC_STRINGS = YES;
				SWIFT_VERSION = 5.0;
				TARGETED_DEVICE_FAMILY = "1,2";
			};
			name = Release;
		};
		3F92F9492862282C0092C3BD /* Debug */ = {
			isa = XCBuildConfiguration;
			buildSettings = {
				ALWAYS_EMBED_SWIFT_STANDARD_LIBRARIES = YES;
				BUNDLE_LOADER = "$(TEST_HOST)";
				CODE_SIGN_STYLE = Automatic;
				CURRENT_PROJECT_VERSION = 1;
				DEVELOPMENT_TEAM = EUPL5H953B;
				GENERATE_INFOPLIST_FILE = YES;
				IPHONEOS_DEPLOYMENT_TARGET = 15.5;
				MARKETING_VERSION = 1.0;
				PRODUCT_BUNDLE_IDENTIFIER = "studiostorquato.rxswift-weatherTests";
				PRODUCT_NAME = "$(TARGET_NAME)";
				SWIFT_EMIT_LOC_STRINGS = NO;
				SWIFT_VERSION = 5.0;
				TARGETED_DEVICE_FAMILY = "1,2";
				TEST_HOST = "$(BUILT_PRODUCTS_DIR)/rxswift-weather.app/rxswift-weather";
			};
			name = Debug;
		};
		3F92F94A2862282C0092C3BD /* Release */ = {
			isa = XCBuildConfiguration;
			buildSettings = {
				ALWAYS_EMBED_SWIFT_STANDARD_LIBRARIES = YES;
				BUNDLE_LOADER = "$(TEST_HOST)";
				CODE_SIGN_STYLE = Automatic;
				CURRENT_PROJECT_VERSION = 1;
				DEVELOPMENT_TEAM = EUPL5H953B;
				GENERATE_INFOPLIST_FILE = YES;
				IPHONEOS_DEPLOYMENT_TARGET = 15.5;
				MARKETING_VERSION = 1.0;
				PRODUCT_BUNDLE_IDENTIFIER = "studiostorquato.rxswift-weatherTests";
				PRODUCT_NAME = "$(TARGET_NAME)";
				SWIFT_EMIT_LOC_STRINGS = NO;
				SWIFT_VERSION = 5.0;
				TARGETED_DEVICE_FAMILY = "1,2";
				TEST_HOST = "$(BUILT_PRODUCTS_DIR)/rxswift-weather.app/rxswift-weather";
			};
			name = Release;
		};
		3F92F94C2862282C0092C3BD /* Debug */ = {
			isa = XCBuildConfiguration;
			buildSettings = {
				ALWAYS_EMBED_SWIFT_STANDARD_LIBRARIES = YES;
				CODE_SIGN_STYLE = Automatic;
				CURRENT_PROJECT_VERSION = 1;
				DEVELOPMENT_TEAM = EUPL5H953B;
				GENERATE_INFOPLIST_FILE = YES;
				MARKETING_VERSION = 1.0;
				PRODUCT_BUNDLE_IDENTIFIER = "studiostorquato.rxswift-weatherUITests";
				PRODUCT_NAME = "$(TARGET_NAME)";
				SWIFT_EMIT_LOC_STRINGS = NO;
				SWIFT_VERSION = 5.0;
				TARGETED_DEVICE_FAMILY = "1,2";
				TEST_TARGET_NAME = "rxswift-weather";
			};
			name = Debug;
		};
		3F92F94D2862282C0092C3BD /* Release */ = {
			isa = XCBuildConfiguration;
			buildSettings = {
				ALWAYS_EMBED_SWIFT_STANDARD_LIBRARIES = YES;
				CODE_SIGN_STYLE = Automatic;
				CURRENT_PROJECT_VERSION = 1;
				DEVELOPMENT_TEAM = EUPL5H953B;
				GENERATE_INFOPLIST_FILE = YES;
				MARKETING_VERSION = 1.0;
				PRODUCT_BUNDLE_IDENTIFIER = "studiostorquato.rxswift-weatherUITests";
				PRODUCT_NAME = "$(TARGET_NAME)";
				SWIFT_EMIT_LOC_STRINGS = NO;
				SWIFT_VERSION = 5.0;
				TARGETED_DEVICE_FAMILY = "1,2";
				TEST_TARGET_NAME = "rxswift-weather";
			};
			name = Release;
		};
/* End XCBuildConfiguration section */

/* Begin XCConfigurationList section */
		3F92F9162862282A0092C3BD /* Build configuration list for PBXProject "rxswift-weather" */ = {
			isa = XCConfigurationList;
			buildConfigurations = (
				3F92F9432862282C0092C3BD /* Debug */,
				3F92F9442862282C0092C3BD /* Release */,
			);
			defaultConfigurationIsVisible = 0;
			defaultConfigurationName = Release;
		};
		3F92F9452862282C0092C3BD /* Build configuration list for PBXNativeTarget "rxswift-weather" */ = {
			isa = XCConfigurationList;
			buildConfigurations = (
				3F92F9462862282C0092C3BD /* Debug */,
				3F92F9472862282C0092C3BD /* Release */,
			);
			defaultConfigurationIsVisible = 0;
			defaultConfigurationName = Release;
		};
		3F92F9482862282C0092C3BD /* Build configuration list for PBXNativeTarget "rxswift-weatherTests" */ = {
			isa = XCConfigurationList;
			buildConfigurations = (
				3F92F9492862282C0092C3BD /* Debug */,
				3F92F94A2862282C0092C3BD /* Release */,
			);
			defaultConfigurationIsVisible = 0;
			defaultConfigurationName = Release;
		};
		3F92F94B2862282C0092C3BD /* Build configuration list for PBXNativeTarget "rxswift-weatherUITests" */ = {
			isa = XCConfigurationList;
			buildConfigurations = (
				3F92F94C2862282C0092C3BD /* Debug */,
				3F92F94D2862282C0092C3BD /* Release */,
			);
			defaultConfigurationIsVisible = 0;
			defaultConfigurationName = Release;
		};
/* End XCConfigurationList section */
	};
	rootObject = 3F92F9132862282A0092C3BD /* Project object */;
}
